// !$*UTF8*$!
{
	archiveVersion = 1;
	classes = {
	};
	objectVersion = 56;
	objects = {

/* Begin PBXBuildFile section */
		09D01E322AC4B326008EDE9E /* Crowd.swift in Sources */ = {isa = PBXBuildFile; fileRef = 09D01E312AC4B326008EDE9E /* Crowd.swift */; };
		09D01E342AC4B37F008EDE9E /* SpriteKitHelper.swift in Sources */ = {isa = PBXBuildFile; fileRef = 09D01E332AC4B37F008EDE9E /* SpriteKitHelper.swift */; };
		CCFB61222AC213600006445C /* MotionBasicsView.swift in Sources */ = {isa = PBXBuildFile; fileRef = CCFB61212AC213600006445C /* MotionBasicsView.swift */; };
		EA0399F22AC21025004CC6D7 /* ChickenKartApp.swift in Sources */ = {isa = PBXBuildFile; fileRef = EA0399F12AC21025004CC6D7 /* ChickenKartApp.swift */; };
		EA0399F42AC21025004CC6D7 /* ContentView.swift in Sources */ = {isa = PBXBuildFile; fileRef = EA0399F32AC21025004CC6D7 /* ContentView.swift */; };
		EA0399F62AC21026004CC6D7 /* Assets.xcassets in Resources */ = {isa = PBXBuildFile; fileRef = EA0399F52AC21026004CC6D7 /* Assets.xcassets */; };
		EA0399F92AC21026004CC6D7 /* Preview Assets.xcassets in Resources */ = {isa = PBXBuildFile; fileRef = EA0399F82AC21026004CC6D7 /* Preview Assets.xcassets */; };
		EA039A002AC27030004CC6D7 /* GameScene.swift in Sources */ = {isa = PBXBuildFile; fileRef = EA0399FF2AC27030004CC6D7 /* GameScene.swift */; };
		EA039A032AC27625004CC6D7 /* MotionManager.swift in Sources */ = {isa = PBXBuildFile; fileRef = EA039A022AC27625004CC6D7 /* MotionManager.swift */; };
		EA039A052AC34A8E004CC6D7 /* SwiftUITestView.swift in Sources */ = {isa = PBXBuildFile; fileRef = EA039A042AC34A8E004CC6D7 /* SwiftUITestView.swift */; };
		EA039A072AC34BBF004CC6D7 /* Circuit.swift in Sources */ = {isa = PBXBuildFile; fileRef = EA039A062AC34BBF004CC6D7 /* Circuit.swift */; };
		EA112FCD2AC40CF2006105BB /* CircuitShape.swift in Sources */ = {isa = PBXBuildFile; fileRef = EA112FCC2AC40CF2006105BB /* CircuitShape.swift */; };
		EA112FCF2AC432F1006105BB /* PlayerView.swift in Sources */ = {isa = PBXBuildFile; fileRef = EA112FCE2AC432F1006105BB /* PlayerView.swift */; };
/* End PBXBuildFile section */

/* Begin PBXFileReference section */
		09D01E312AC4B326008EDE9E /* Crowd.swift */ = {isa = PBXFileReference; lastKnownFileType = sourcecode.swift; path = Crowd.swift; sourceTree = "<group>"; };
		09D01E332AC4B37F008EDE9E /* SpriteKitHelper.swift */ = {isa = PBXFileReference; lastKnownFileType = sourcecode.swift; path = SpriteKitHelper.swift; sourceTree = "<group>"; };
		CCFB61212AC213600006445C /* MotionBasicsView.swift */ = {isa = PBXFileReference; lastKnownFileType = sourcecode.swift; path = MotionBasicsView.swift; sourceTree = "<group>"; };
		EA0399EE2AC21025004CC6D7 /* ChickenKart.app */ = {isa = PBXFileReference; explicitFileType = wrapper.application; includeInIndex = 0; path = ChickenKart.app; sourceTree = BUILT_PRODUCTS_DIR; };
		EA0399F12AC21025004CC6D7 /* ChickenKartApp.swift */ = {isa = PBXFileReference; lastKnownFileType = sourcecode.swift; path = ChickenKartApp.swift; sourceTree = "<group>"; };
		EA0399F32AC21025004CC6D7 /* ContentView.swift */ = {isa = PBXFileReference; lastKnownFileType = sourcecode.swift; path = ContentView.swift; sourceTree = "<group>"; };
		EA0399F52AC21026004CC6D7 /* Assets.xcassets */ = {isa = PBXFileReference; lastKnownFileType = folder.assetcatalog; path = Assets.xcassets; sourceTree = "<group>"; };
		EA0399F82AC21026004CC6D7 /* Preview Assets.xcassets */ = {isa = PBXFileReference; lastKnownFileType = folder.assetcatalog; path = "Preview Assets.xcassets"; sourceTree = "<group>"; };
		EA0399FF2AC27030004CC6D7 /* GameScene.swift */ = {isa = PBXFileReference; lastKnownFileType = sourcecode.swift; path = GameScene.swift; sourceTree = "<group>"; };
		EA039A022AC27625004CC6D7 /* MotionManager.swift */ = {isa = PBXFileReference; lastKnownFileType = sourcecode.swift; path = MotionManager.swift; sourceTree = "<group>"; };
		EA039A042AC34A8E004CC6D7 /* SwiftUITestView.swift */ = {isa = PBXFileReference; lastKnownFileType = sourcecode.swift; path = SwiftUITestView.swift; sourceTree = "<group>"; };
		EA039A062AC34BBF004CC6D7 /* Circuit.swift */ = {isa = PBXFileReference; lastKnownFileType = sourcecode.swift; path = Circuit.swift; sourceTree = "<group>"; };
		EA112FCC2AC40CF2006105BB /* CircuitShape.swift */ = {isa = PBXFileReference; lastKnownFileType = sourcecode.swift; path = CircuitShape.swift; sourceTree = "<group>"; };
		EA112FCE2AC432F1006105BB /* PlayerView.swift */ = {isa = PBXFileReference; lastKnownFileType = sourcecode.swift; path = PlayerView.swift; sourceTree = "<group>"; };
/* End PBXFileReference section */

/* Begin PBXFrameworksBuildPhase section */
		EA0399EB2AC21025004CC6D7 /* Frameworks */ = {
			isa = PBXFrameworksBuildPhase;
			buildActionMask = 2147483647;
			files = (
			);
			runOnlyForDeploymentPostprocessing = 0;
		};
/* End PBXFrameworksBuildPhase section */

/* Begin PBXGroup section */
		EA0399E52AC21025004CC6D7 = {
			isa = PBXGroup;
			children = (
				EA0399F02AC21025004CC6D7 /* ChickenKart */,
				EA0399EF2AC21025004CC6D7 /* Products */,
			);
			sourceTree = "<group>";
		};
		EA0399EF2AC21025004CC6D7 /* Products */ = {
			isa = PBXGroup;
			children = (
				EA0399EE2AC21025004CC6D7 /* ChickenKart.app */,
			);
			name = Products;
			sourceTree = "<group>";
		};
		EA0399F02AC21025004CC6D7 /* ChickenKart */ = {
			isa = PBXGroup;
			children = (
				EA039A012AC2760A004CC6D7 /* Controls */,
				EA0399F12AC21025004CC6D7 /* ChickenKartApp.swift */,
				EA0399F32AC21025004CC6D7 /* ContentView.swift */,
				CCFB61212AC213600006445C /* MotionBasicsView.swift */,
				EA0399F52AC21026004CC6D7 /* Assets.xcassets */,
				EA0399F72AC21026004CC6D7 /* Preview Content */,
				EA0399FF2AC27030004CC6D7 /* GameScene.swift */,
				EA039A042AC34A8E004CC6D7 /* SwiftUITestView.swift */,
				EA039A062AC34BBF004CC6D7 /* Circuit.swift */,
				EA112FCC2AC40CF2006105BB /* CircuitShape.swift */,
				EA112FCE2AC432F1006105BB /* PlayerView.swift */,
				09D01E312AC4B326008EDE9E /* Crowd.swift */,
				09D01E332AC4B37F008EDE9E /* SpriteKitHelper.swift */,
			);
			path = ChickenKart;
			sourceTree = "<group>";
		};
		EA0399F72AC21026004CC6D7 /* Preview Content */ = {
			isa = PBXGroup;
			children = (
				EA0399F82AC21026004CC6D7 /* Preview Assets.xcassets */,
			);
			path = "Preview Content";
			sourceTree = "<group>";
		};
		EA039A012AC2760A004CC6D7 /* Controls */ = {
			isa = PBXGroup;
			children = (
				EA039A022AC27625004CC6D7 /* MotionManager.swift */,
			);
			path = Controls;
			sourceTree = "<group>";
		};
/* End PBXGroup section */

/* Begin PBXNativeTarget section */
		EA0399ED2AC21025004CC6D7 /* ChickenKart */ = {
			isa = PBXNativeTarget;
			buildConfigurationList = EA0399FC2AC21026004CC6D7 /* Build configuration list for PBXNativeTarget "ChickenKart" */;
			buildPhases = (
				EA0399EA2AC21025004CC6D7 /* Sources */,
				EA0399EB2AC21025004CC6D7 /* Frameworks */,
				EA0399EC2AC21025004CC6D7 /* Resources */,
			);
			buildRules = (
			);
			dependencies = (
			);
			name = ChickenKart;
			productName = ChickenKart;
			productReference = EA0399EE2AC21025004CC6D7 /* ChickenKart.app */;
			productType = "com.apple.product-type.application";
		};
/* End PBXNativeTarget section */

/* Begin PBXProject section */
		EA0399E62AC21025004CC6D7 /* Project object */ = {
			isa = PBXProject;
			attributes = {
				BuildIndependentTargetsInParallel = 1;
				LastSwiftUpdateCheck = 1430;
				LastUpgradeCheck = 1430;
				TargetAttributes = {
					EA0399ED2AC21025004CC6D7 = {
						CreatedOnToolsVersion = 14.3.1;
					};
				};
			};
			buildConfigurationList = EA0399E92AC21025004CC6D7 /* Build configuration list for PBXProject "ChickenKart" */;
			compatibilityVersion = "Xcode 14.0";
			developmentRegion = en;
			hasScannedForEncodings = 0;
			knownRegions = (
				en,
				Base,
			);
			mainGroup = EA0399E52AC21025004CC6D7;
			productRefGroup = EA0399EF2AC21025004CC6D7 /* Products */;
			projectDirPath = "";
			projectRoot = "";
			targets = (
				EA0399ED2AC21025004CC6D7 /* ChickenKart */,
			);
		};
/* End PBXProject section */

/* Begin PBXResourcesBuildPhase section */
		EA0399EC2AC21025004CC6D7 /* Resources */ = {
			isa = PBXResourcesBuildPhase;
			buildActionMask = 2147483647;
			files = (
				EA0399F92AC21026004CC6D7 /* Preview Assets.xcassets in Resources */,
				EA0399F62AC21026004CC6D7 /* Assets.xcassets in Resources */,
			);
			runOnlyForDeploymentPostprocessing = 0;
		};
/* End PBXResourcesBuildPhase section */

/* Begin PBXSourcesBuildPhase section */
		EA0399EA2AC21025004CC6D7 /* Sources */ = {
			isa = PBXSourcesBuildPhase;
			buildActionMask = 2147483647;
			files = (
				EA112FCF2AC432F1006105BB /* PlayerView.swift in Sources */,
				09D01E322AC4B326008EDE9E /* Crowd.swift in Sources */,
				CCFB61222AC213600006445C /* MotionBasicsView.swift in Sources */,
				EA112FCD2AC40CF2006105BB /* CircuitShape.swift in Sources */,
				EA039A032AC27625004CC6D7 /* MotionManager.swift in Sources */,
				EA0399F42AC21025004CC6D7 /* ContentView.swift in Sources */,
				EA039A002AC27030004CC6D7 /* GameScene.swift in Sources */,
				EA039A052AC34A8E004CC6D7 /* SwiftUITestView.swift in Sources */,
				09D01E342AC4B37F008EDE9E /* SpriteKitHelper.swift in Sources */,
				EA0399F22AC21025004CC6D7 /* ChickenKartApp.swift in Sources */,
				EA039A072AC34BBF004CC6D7 /* Circuit.swift in Sources */,
			);
			runOnlyForDeploymentPostprocessing = 0;
		};
/* End PBXSourcesBuildPhase section */

/* Begin XCBuildConfiguration section */
		EA0399FA2AC21026004CC6D7 /* Debug */ = {
			isa = XCBuildConfiguration;
			buildSettings = {
				ALWAYS_SEARCH_USER_PATHS = NO;
				CLANG_ANALYZER_NONNULL = YES;
				CLANG_ANALYZER_NUMBER_OBJECT_CONVERSION = YES_AGGRESSIVE;
				CLANG_CXX_LANGUAGE_STANDARD = "gnu++20";
				CLANG_ENABLE_MODULES = YES;
				CLANG_ENABLE_OBJC_ARC = YES;
				CLANG_ENABLE_OBJC_WEAK = YES;
				CLANG_WARN_BLOCK_CAPTURE_AUTORELEASING = YES;
				CLANG_WARN_BOOL_CONVERSION = YES;
				CLANG_WARN_COMMA = YES;
				CLANG_WARN_CONSTANT_CONVERSION = YES;
				CLANG_WARN_DEPRECATED_OBJC_IMPLEMENTATIONS = YES;
				CLANG_WARN_DIRECT_OBJC_ISA_USAGE = YES_ERROR;
				CLANG_WARN_DOCUMENTATION_COMMENTS = YES;
				CLANG_WARN_EMPTY_BODY = YES;
				CLANG_WARN_ENUM_CONVERSION = YES;
				CLANG_WARN_INFINITE_RECURSION = YES;
				CLANG_WARN_INT_CONVERSION = YES;
				CLANG_WARN_NON_LITERAL_NULL_CONVERSION = YES;
				CLANG_WARN_OBJC_IMPLICIT_RETAIN_SELF = YES;
				CLANG_WARN_OBJC_LITERAL_CONVERSION = YES;
				CLANG_WARN_OBJC_ROOT_CLASS = YES_ERROR;
				CLANG_WARN_QUOTED_INCLUDE_IN_FRAMEWORK_HEADER = YES;
				CLANG_WARN_RANGE_LOOP_ANALYSIS = YES;
				CLANG_WARN_STRICT_PROTOTYPES = YES;
				CLANG_WARN_SUSPICIOUS_MOVE = YES;
				CLANG_WARN_UNGUARDED_AVAILABILITY = YES_AGGRESSIVE;
				CLANG_WARN_UNREACHABLE_CODE = YES;
				CLANG_WARN__DUPLICATE_METHOD_MATCH = YES;
				COPY_PHASE_STRIP = NO;
				DEBUG_INFORMATION_FORMAT = dwarf;
				ENABLE_STRICT_OBJC_MSGSEND = YES;
				ENABLE_TESTABILITY = YES;
				GCC_C_LANGUAGE_STANDARD = gnu11;
				GCC_DYNAMIC_NO_PIC = NO;
				GCC_NO_COMMON_BLOCKS = YES;
				GCC_OPTIMIZATION_LEVEL = 0;
				GCC_PREPROCESSOR_DEFINITIONS = (
					"DEBUG=1",
					"$(inherited)",
				);
				GCC_WARN_64_TO_32_BIT_CONVERSION = YES;
				GCC_WARN_ABOUT_RETURN_TYPE = YES_ERROR;
				GCC_WARN_UNDECLARED_SELECTOR = YES;
				GCC_WARN_UNINITIALIZED_AUTOS = YES_AGGRESSIVE;
				GCC_WARN_UNUSED_FUNCTION = YES;
				GCC_WARN_UNUSED_VARIABLE = YES;
				IPHONEOS_DEPLOYMENT_TARGET = 16.4;
				MTL_ENABLE_DEBUG_INFO = INCLUDE_SOURCE;
				MTL_FAST_MATH = YES;
				ONLY_ACTIVE_ARCH = YES;
				SDKROOT = iphoneos;
				SWIFT_ACTIVE_COMPILATION_CONDITIONS = DEBUG;
				SWIFT_OPTIMIZATION_LEVEL = "-Onone";
			};
			name = Debug;
		};
		EA0399FB2AC21026004CC6D7 /* Release */ = {
			isa = XCBuildConfiguration;
			buildSettings = {
				ALWAYS_SEARCH_USER_PATHS = NO;
				CLANG_ANALYZER_NONNULL = YES;
				CLANG_ANALYZER_NUMBER_OBJECT_CONVERSION = YES_AGGRESSIVE;
				CLANG_CXX_LANGUAGE_STANDARD = "gnu++20";
				CLANG_ENABLE_MODULES = YES;
				CLANG_ENABLE_OBJC_ARC = YES;
				CLANG_ENABLE_OBJC_WEAK = YES;
				CLANG_WARN_BLOCK_CAPTURE_AUTORELEASING = YES;
				CLANG_WARN_BOOL_CONVERSION = YES;
				CLANG_WARN_COMMA = YES;
				CLANG_WARN_CONSTANT_CONVERSION = YES;
				CLANG_WARN_DEPRECATED_OBJC_IMPLEMENTATIONS = YES;
				CLANG_WARN_DIRECT_OBJC_ISA_USAGE = YES_ERROR;
				CLANG_WARN_DOCUMENTATION_COMMENTS = YES;
				CLANG_WARN_EMPTY_BODY = YES;
				CLANG_WARN_ENUM_CONVERSION = YES;
				CLANG_WARN_INFINITE_RECURSION = YES;
				CLANG_WARN_INT_CONVERSION = YES;
				CLANG_WARN_NON_LITERAL_NULL_CONVERSION = YES;
				CLANG_WARN_OBJC_IMPLICIT_RETAIN_SELF = YES;
				CLANG_WARN_OBJC_LITERAL_CONVERSION = YES;
				CLANG_WARN_OBJC_ROOT_CLASS = YES_ERROR;
				CLANG_WARN_QUOTED_INCLUDE_IN_FRAMEWORK_HEADER = YES;
				CLANG_WARN_RANGE_LOOP_ANALYSIS = YES;
				CLANG_WARN_STRICT_PROTOTYPES = YES;
				CLANG_WARN_SUSPICIOUS_MOVE = YES;
				CLANG_WARN_UNGUARDED_AVAILABILITY = YES_AGGRESSIVE;
				CLANG_WARN_UNREACHABLE_CODE = YES;
				CLANG_WARN__DUPLICATE_METHOD_MATCH = YES;
				COPY_PHASE_STRIP = NO;
				DEBUG_INFORMATION_FORMAT = "dwarf-with-dsym";
				ENABLE_NS_ASSERTIONS = NO;
				ENABLE_STRICT_OBJC_MSGSEND = YES;
				GCC_C_LANGUAGE_STANDARD = gnu11;
				GCC_NO_COMMON_BLOCKS = YES;
				GCC_WARN_64_TO_32_BIT_CONVERSION = YES;
				GCC_WARN_ABOUT_RETURN_TYPE = YES_ERROR;
				GCC_WARN_UNDECLARED_SELECTOR = YES;
				GCC_WARN_UNINITIALIZED_AUTOS = YES_AGGRESSIVE;
				GCC_WARN_UNUSED_FUNCTION = YES;
				GCC_WARN_UNUSED_VARIABLE = YES;
				IPHONEOS_DEPLOYMENT_TARGET = 16.4;
				MTL_ENABLE_DEBUG_INFO = NO;
				MTL_FAST_MATH = YES;
				SDKROOT = iphoneos;
				SWIFT_COMPILATION_MODE = wholemodule;
				SWIFT_OPTIMIZATION_LEVEL = "-O";
				VALIDATE_PRODUCT = YES;
			};
			name = Release;
		};
		EA0399FD2AC21026004CC6D7 /* Debug */ = {
			isa = XCBuildConfiguration;
			buildSettings = {
				ASSETCATALOG_COMPILER_APPICON_NAME = AppIcon;
				ASSETCATALOG_COMPILER_GLOBAL_ACCENT_COLOR_NAME = AccentColor;
				CODE_SIGN_STYLE = Automatic;
				CURRENT_PROJECT_VERSION = 1;
				DEVELOPMENT_ASSET_PATHS = "\"ChickenKart/Preview Content\"";
				DEVELOPMENT_TEAM = R5UC247K67;
				ENABLE_PREVIEWS = YES;
				GENERATE_INFOPLIST_FILE = YES;
				INFOPLIST_KEY_UIApplicationSceneManifest_Generation = YES;
				INFOPLIST_KEY_UIApplicationSupportsIndirectInputEvents = YES;
				INFOPLIST_KEY_UILaunchScreen_Generation = YES;
				INFOPLIST_KEY_UISupportedInterfaceOrientations = "UIInterfaceOrientationLandscapeLeft UIInterfaceOrientationLandscapeRight";
				INFOPLIST_KEY_UISupportedInterfaceOrientations_iPad = "UIInterfaceOrientationLandscapeLeft UIInterfaceOrientationLandscapeRight UIInterfaceOrientationPortrait UIInterfaceOrientationPortraitUpsideDown";
				LD_RUNPATH_SEARCH_PATHS = (
					"$(inherited)",
					"@executable_path/Frameworks",
				);
				MARKETING_VERSION = 1.0;
				PRODUCT_BUNDLE_IDENTIFIER = msventurini.ChickenKart;
				PRODUCT_NAME = "$(TARGET_NAME)";
				SWIFT_EMIT_LOC_STRINGS = YES;
				SWIFT_VERSION = 5.0;
				TARGETED_DEVICE_FAMILY = "1,2";
			};
			name = Debug;
		};
		EA0399FE2AC21026004CC6D7 /* Release */ = {
			isa = XCBuildConfiguration;
			buildSettings = {
				ASSETCATALOG_COMPILER_APPICON_NAME = AppIcon;
				ASSETCATALOG_COMPILER_GLOBAL_ACCENT_COLOR_NAME = AccentColor;
				CODE_SIGN_STYLE = Automatic;
				CURRENT_PROJECT_VERSION = 1;
				DEVELOPMENT_ASSET_PATHS = "\"ChickenKart/Preview Content\"";
				DEVELOPMENT_TEAM = R5UC247K67;
				ENABLE_PREVIEWS = YES;
				GENERATE_INFOPLIST_FILE = YES;
				INFOPLIST_KEY_UIApplicationSceneManifest_Generation = YES;
				INFOPLIST_KEY_UIApplicationSupportsIndirectInputEvents = YES;
				INFOPLIST_KEY_UILaunchScreen_Generation = YES;
				INFOPLIST_KEY_UISupportedInterfaceOrientations = "UIInterfaceOrientationLandscapeLeft UIInterfaceOrientationLandscapeRight";
				INFOPLIST_KEY_UISupportedInterfaceOrientations_iPad = "UIInterfaceOrientationLandscapeLeft UIInterfaceOrientationLandscapeRight UIInterfaceOrientationPortrait UIInterfaceOrientationPortraitUpsideDown";
				LD_RUNPATH_SEARCH_PATHS = (
					"$(inherited)",
					"@executable_path/Frameworks",
				);
				MARKETING_VERSION = 1.0;
				PRODUCT_BUNDLE_IDENTIFIER = msventurini.ChickenKart;
				PRODUCT_NAME = "$(TARGET_NAME)";
				SWIFT_EMIT_LOC_STRINGS = YES;
				SWIFT_VERSION = 5.0;
				TARGETED_DEVICE_FAMILY = "1,2";
			};
			name = Release;
		};
/* End XCBuildConfiguration section */

/* Begin XCConfigurationList section */
		EA0399E92AC21025004CC6D7 /* Build configuration list for PBXProject "ChickenKart" */ = {
			isa = XCConfigurationList;
			buildConfigurations = (
				EA0399FA2AC21026004CC6D7 /* Debug */,
				EA0399FB2AC21026004CC6D7 /* Release */,
			);
			defaultConfigurationIsVisible = 0;
			defaultConfigurationName = Release;
		};
		EA0399FC2AC21026004CC6D7 /* Build configuration list for PBXNativeTarget "ChickenKart" */ = {
			isa = XCConfigurationList;
			buildConfigurations = (
				EA0399FD2AC21026004CC6D7 /* Debug */,
				EA0399FE2AC21026004CC6D7 /* Release */,
			);
			defaultConfigurationIsVisible = 0;
			defaultConfigurationName = Release;
		};
/* End XCConfigurationList section */
	};
	rootObject = EA0399E62AC21025004CC6D7 /* Project object */;
}
