// !$*UTF8*$!
{
	archiveVersion = 1;
	classes = {
	};
	objectVersion = 56;
	objects = {

/* Begin PBXBuildFile section */
		CC6552BC2AC4A62D0007D8F5 /* Timer.swift in Sources */ = {isa = PBXBuildFile; fileRef = CC6552BB2AC4A62D0007D8F5 /* Timer.swift */; };
		CC6552C52AC5F1BF0007D8F5 /* Hud.swift in Sources */ = {isa = PBXBuildFile; fileRef = CC6552C42AC5F1BF0007D8F5 /* Hud.swift */; };
		CC6552CD2AC5FDE20007D8F5 /* Sounds.swift in Sources */ = {isa = PBXBuildFile; fileRef = CC6552CC2AC5FDE20007D8F5 /* Sounds.swift */; };
		CC6552D12AC607700007D8F5 /* start.m4a in Resources */ = {isa = PBXBuildFile; fileRef = CC6552D02AC6022A0007D8F5 /* start.m4a */; };
		CC6552D32AC616790007D8F5 /* celebration.m4a in Resources */ = {isa = PBXBuildFile; fileRef = CC6552D22AC616790007D8F5 /* celebration.m4a */; };
		CC6552D52AC616810007D8F5 /* chickenDefault.m4a in Resources */ = {isa = PBXBuildFile; fileRef = CC6552D42AC616810007D8F5 /* chickenDefault.m4a */; };
		CC6552D72AC616880007D8F5 /* crash.m4a in Resources */ = {isa = PBXBuildFile; fileRef = CC6552D62AC616880007D8F5 /* crash.m4a */; };
		CCFB61222AC213600006445C /* MotionBasicsView.swift in Sources */ = {isa = PBXBuildFile; fileRef = CCFB61212AC213600006445C /* MotionBasicsView.swift */; };
		EA0399F22AC21025004CC6D7 /* ChickenKartApp.swift in Sources */ = {isa = PBXBuildFile; fileRef = EA0399F12AC21025004CC6D7 /* ChickenKartApp.swift */; };
		EA0399F42AC21025004CC6D7 /* ContentView.swift in Sources */ = {isa = PBXBuildFile; fileRef = EA0399F32AC21025004CC6D7 /* ContentView.swift */; };
		EA0399F62AC21026004CC6D7 /* Assets.xcassets in Resources */ = {isa = PBXBuildFile; fileRef = EA0399F52AC21026004CC6D7 /* Assets.xcassets */; };
		EA0399F92AC21026004CC6D7 /* Preview Assets.xcassets in Resources */ = {isa = PBXBuildFile; fileRef = EA0399F82AC21026004CC6D7 /* Preview Assets.xcassets */; };
		EA039A002AC27030004CC6D7 /* GameScene.swift in Sources */ = {isa = PBXBuildFile; fileRef = EA0399FF2AC27030004CC6D7 /* GameScene.swift */; };
		EA039A032AC27625004CC6D7 /* MotionManager.swift in Sources */ = {isa = PBXBuildFile; fileRef = EA039A022AC27625004CC6D7 /* MotionManager.swift */; };
		EA112FCF2AC432F1006105BB /* PlayerView.swift in Sources */ = {isa = PBXBuildFile; fileRef = EA112FCE2AC432F1006105BB /* PlayerView.swift */; };
		EA4DF6CC2AC70E5500C9E047 /* GameplayView.swift in Sources */ = {isa = PBXBuildFile; fileRef = EA4DF6CB2AC70E5500C9E047 /* GameplayView.swift */; };
		EA4DF6CE2AC7150100C9E047 /* GameSceneOSD.swift in Sources */ = {isa = PBXBuildFile; fileRef = EA4DF6CD2AC7150100C9E047 /* GameSceneOSD.swift */; };
		EAFF7AF82AC6E6FF00C0DFBA /* GameplayViewOSD.swift in Sources */ = {isa = PBXBuildFile; fileRef = EAFF7AF72AC6E6FF00C0DFBA /* GameplayViewOSD.swift */; };
/* End PBXBuildFile section */

/* Begin PBXFileReference section */
		CC6552BB2AC4A62D0007D8F5 /* Timer.swift */ = {isa = PBXFileReference; lastKnownFileType = sourcecode.swift; path = Timer.swift; sourceTree = "<group>"; };
		CC6552C42AC5F1BF0007D8F5 /* Hud.swift */ = {isa = PBXFileReference; fileEncoding = 4; lastKnownFileType = sourcecode.swift; path = Hud.swift; sourceTree = "<group>"; };
		CC6552C92AC5F2100007D8F5 /* DotGothic16-Regular.ttf */ = {isa = PBXFileReference; lastKnownFileType = file; path = "DotGothic16-Regular.ttf"; sourceTree = "<group>"; };
		CC6552CB2AC5F28F0007D8F5 /* Info.plist */ = {isa = PBXFileReference; lastKnownFileType = text.plist; path = Info.plist; sourceTree = "<group>"; };
		CC6552CC2AC5FDE20007D8F5 /* Sounds.swift */ = {isa = PBXFileReference; lastKnownFileType = sourcecode.swift; path = Sounds.swift; sourceTree = "<group>"; };
		CC6552D02AC6022A0007D8F5 /* start.m4a */ = {isa = PBXFileReference; lastKnownFileType = file; path = start.m4a; sourceTree = "<group>"; };
		CC6552D22AC616790007D8F5 /* celebration.m4a */ = {isa = PBXFileReference; lastKnownFileType = file; path = celebration.m4a; sourceTree = "<group>"; };
		CC6552D42AC616810007D8F5 /* chickenDefault.m4a */ = {isa = PBXFileReference; lastKnownFileType = file; path = chickenDefault.m4a; sourceTree = "<group>"; };
		CC6552D62AC616880007D8F5 /* crash.m4a */ = {isa = PBXFileReference; lastKnownFileType = file; path = crash.m4a; sourceTree = "<group>"; };
		CCFB61212AC213600006445C /* MotionBasicsView.swift */ = {isa = PBXFileReference; lastKnownFileType = sourcecode.swift; path = MotionBasicsView.swift; sourceTree = "<group>"; };
		EA0399EE2AC21025004CC6D7 /* ChickenKart.app */ = {isa = PBXFileReference; explicitFileType = wrapper.application; includeInIndex = 0; path = ChickenKart.app; sourceTree = BUILT_PRODUCTS_DIR; };
		EA0399F12AC21025004CC6D7 /* ChickenKartApp.swift */ = {isa = PBXFileReference; lastKnownFileType = sourcecode.swift; path = ChickenKartApp.swift; sourceTree = "<group>"; };
		EA0399F32AC21025004CC6D7 /* ContentView.swift */ = {isa = PBXFileReference; lastKnownFileType = sourcecode.swift; path = ContentView.swift; sourceTree = "<group>"; };
		EA0399F52AC21026004CC6D7 /* Assets.xcassets */ = {isa = PBXFileReference; lastKnownFileType = folder.assetcatalog; path = Assets.xcassets; sourceTree = "<group>"; };
		EA0399F82AC21026004CC6D7 /* Preview Assets.xcassets */ = {isa = PBXFileReference; lastKnownFileType = folder.assetcatalog; path = "Preview Assets.xcassets"; sourceTree = "<group>"; };
		EA0399FF2AC27030004CC6D7 /* GameScene.swift */ = {isa = PBXFileReference; lastKnownFileType = sourcecode.swift; path = GameScene.swift; sourceTree = "<group>"; };
		EA039A022AC27625004CC6D7 /* MotionManager.swift */ = {isa = PBXFileReference; lastKnownFileType = sourcecode.swift; path = MotionManager.swift; sourceTree = "<group>"; };
		EA112FCE2AC432F1006105BB /* PlayerView.swift */ = {isa = PBXFileReference; lastKnownFileType = sourcecode.swift; path = PlayerView.swift; sourceTree = "<group>"; };
		EA4DF6CB2AC70E5500C9E047 /* GameplayView.swift */ = {isa = PBXFileReference; lastKnownFileType = sourcecode.swift; path = GameplayView.swift; sourceTree = "<group>"; };
		EA4DF6CD2AC7150100C9E047 /* GameSceneOSD.swift */ = {isa = PBXFileReference; lastKnownFileType = sourcecode.swift; path = GameSceneOSD.swift; sourceTree = "<group>"; };
		EAFF7AF72AC6E6FF00C0DFBA /* GameplayViewOSD.swift */ = {isa = PBXFileReference; lastKnownFileType = sourcecode.swift; path = GameplayViewOSD.swift; sourceTree = "<group>"; };
/* End PBXFileReference section */

/* Begin PBXFrameworksBuildPhase section */
		EA0399EB2AC21025004CC6D7 /* Frameworks */ = {
			isa = PBXFrameworksBuildPhase;
			buildActionMask = 2147483647;
			files = (
			);
			runOnlyForDeploymentPostprocessing = 0;
		};
/* End PBXFrameworksBuildPhase section */

/* Begin PBXGroup section */
		CC6552C82AC5F20A0007D8F5 /* fonts */ = {
			isa = PBXGroup;
			children = (
				CC6552C92AC5F2100007D8F5 /* DotGothic16-Regular.ttf */,
			);
			path = fonts;
			sourceTree = "<group>";
		};
		EA0399E52AC21025004CC6D7 = {
			isa = PBXGroup;
			children = (
				EA0399F02AC21025004CC6D7 /* ChickenKart */,
				EA0399EF2AC21025004CC6D7 /* Products */,
			);
			sourceTree = "<group>";
		};
		EA0399EF2AC21025004CC6D7 /* Products */ = {
			isa = PBXGroup;
			children = (
				EA0399EE2AC21025004CC6D7 /* ChickenKart.app */,
			);
			name = Products;
			sourceTree = "<group>";
		};
		EA0399F02AC21025004CC6D7 /* ChickenKart */ = {
			isa = PBXGroup;
			children = (
				EA4DF6CA2AC70E3800C9E047 /* Views */,
				CC6552CB2AC5F28F0007D8F5 /* Info.plist */,
				EA039A012AC2760A004CC6D7 /* Controls */,
				EA0399F12AC21025004CC6D7 /* ChickenKartApp.swift */,
				CCFB61212AC213600006445C /* MotionBasicsView.swift */,
				EA0399F52AC21026004CC6D7 /* Assets.xcassets */,
				EA0399F72AC21026004CC6D7 /* Preview Content */,
				EA0399FF2AC27030004CC6D7 /* GameScene.swift */,
				EA4DF6CD2AC7150100C9E047 /* GameSceneOSD.swift */,
				EA112FCE2AC432F1006105BB /* PlayerView.swift */,
				CC6552BB2AC4A62D0007D8F5 /* Timer.swift */,
				CC6552C42AC5F1BF0007D8F5 /* Hud.swift */,
				CC6552CC2AC5FDE20007D8F5 /* Sounds.swift */,
				CC6552D02AC6022A0007D8F5 /* start.m4a */,
				CC6552D22AC616790007D8F5 /* celebration.m4a */,
				CC6552D42AC616810007D8F5 /* chickenDefault.m4a */,
				CC6552D62AC616880007D8F5 /* crash.m4a */,
				CC6552C82AC5F20A0007D8F5 /* fonts */,
			);
			path = ChickenKart;
			sourceTree = "<group>";
		};
		EA0399F72AC21026004CC6D7 /* Preview Content */ = {
			isa = PBXGroup;
			children = (
				EA0399F82AC21026004CC6D7 /* Preview Assets.xcassets */,
			);
			path = "Preview Content";
			sourceTree = "<group>";
		};
		EA039A012AC2760A004CC6D7 /* Controls */ = {
			isa = PBXGroup;
			children = (
				EA039A022AC27625004CC6D7 /* MotionManager.swift */,
			);
			path = Controls;
			sourceTree = "<group>";
		};
		EA4DF6CA2AC70E3800C9E047 /* Views */ = {
			isa = PBXGroup;
			children = (
				EA0399F32AC21025004CC6D7 /* ContentView.swift */,
				EAFF7AF72AC6E6FF00C0DFBA /* GameplayViewOSD.swift */,
				EA4DF6CB2AC70E5500C9E047 /* GameplayView.swift */,
			);
			path = Views;
			sourceTree = "<group>";
		};
/* End PBXGroup section */

/* Begin PBXNativeTarget section */
		EA0399ED2AC21025004CC6D7 /* ChickenKart */ = {
			isa = PBXNativeTarget;
			buildConfigurationList = EA0399FC2AC21026004CC6D7 /* Build configuration list for PBXNativeTarget "ChickenKart" */;
			buildPhases = (
				EA0399EA2AC21025004CC6D7 /* Sources */,
				EA0399EB2AC21025004CC6D7 /* Frameworks */,
				EA0399EC2AC21025004CC6D7 /* Resources */,
			);
			buildRules = (
			);
			dependencies = (
			);
			name = ChickenKart;
			productName = ChickenKart;
			productReference = EA0399EE2AC21025004CC6D7 /* ChickenKart.app */;
			productType = "com.apple.product-type.application";
		};
/* End PBXNativeTarget section */

/* Begin PBXProject section */
		EA0399E62AC21025004CC6D7 /* Project object */ = {
			isa = PBXProject;
			attributes = {
				BuildIndependentTargetsInParallel = 1;
				LastSwiftUpdateCheck = 1430;
				LastUpgradeCheck = 1430;
				TargetAttributes = {
					EA0399ED2AC21025004CC6D7 = {
						CreatedOnToolsVersion = 14.3.1;
					};
				};
			};
			buildConfigurationList = EA0399E92AC21025004CC6D7 /* Build configuration list for PBXProject "ChickenKart" */;
			compatibilityVersion = "Xcode 14.0";
			developmentRegion = en;
			hasScannedForEncodings = 0;
			knownRegions = (
				en,
				Base,
			);
			mainGroup = EA0399E52AC21025004CC6D7;
			productRefGroup = EA0399EF2AC21025004CC6D7 /* Products */;
			projectDirPath = "";
			projectRoot = "";
			targets = (
				EA0399ED2AC21025004CC6D7 /* ChickenKart */,
			);
		};
/* End PBXProject section */

/* Begin PBXResourcesBuildPhase section */
		EA0399EC2AC21025004CC6D7 /* Resources */ = {
			isa = PBXResourcesBuildPhase;
			buildActionMask = 2147483647;
			files = (
				CC6552D72AC616880007D8F5 /* crash.m4a in Resources */,
				EA0399F92AC21026004CC6D7 /* Preview Assets.xcassets in Resources */,
				CC6552D12AC607700007D8F5 /* start.m4a in Resources */,
				CC6552D52AC616810007D8F5 /* chickenDefault.m4a in Resources */,
				EA0399F62AC21026004CC6D7 /* Assets.xcassets in Resources */,
				CC6552D32AC616790007D8F5 /* celebration.m4a in Resources */,
			);
			runOnlyForDeploymentPostprocessing = 0;
		};
/* End PBXResourcesBuildPhase section */

/* Begin PBXSourcesBuildPhase section */
		EA0399EA2AC21025004CC6D7 /* Sources */ = {
			isa = PBXSourcesBuildPhase;
			buildActionMask = 2147483647;
			files = (
				CC6552C52AC5F1BF0007D8F5 /* Hud.swift in Sources */,
				EA112FCF2AC432F1006105BB /* PlayerView.swift in Sources */,
				EAFF7AF82AC6E6FF00C0DFBA /* GameplayViewOSD.swift in Sources */,
				CCFB61222AC213600006445C /* MotionBasicsView.swift in Sources */,
				CC6552CD2AC5FDE20007D8F5 /* Sounds.swift in Sources */,
				CC6552BC2AC4A62D0007D8F5 /* Timer.swift in Sources */,
				EA4DF6CC2AC70E5500C9E047 /* GameplayView.swift in Sources */,
				EA039A032AC27625004CC6D7 /* MotionManager.swift in Sources */,
				EA0399F42AC21025004CC6D7 /* ContentView.swift in Sources */,
				EA039A002AC27030004CC6D7 /* GameScene.swift in Sources */,
				EA0399F22AC21025004CC6D7 /* ChickenKartApp.swift in Sources */,
				EA4DF6CE2AC7150100C9E047 /* GameSceneOSD.swift in Sources */,
			);
			runOnlyForDeploymentPostprocessing = 0;
		};
/* End PBXSourcesBuildPhase section */

/* Begin XCBuildConfiguration section */
		EA0399FA2AC21026004CC6D7 /* Debug */ = {
			isa = XCBuildConfiguration;
			buildSettings = {
				ALWAYS_SEARCH_USER_PATHS = NO;
				CLANG_ANALYZER_NONNULL = YES;
				CLANG_ANALYZER_NUMBER_OBJECT_CONVERSION = YES_AGGRESSIVE;
				CLANG_CXX_LANGUAGE_STANDARD = "gnu++20";
				CLANG_ENABLE_MODULES = YES;
				CLANG_ENABLE_OBJC_ARC = YES;
				CLANG_ENABLE_OBJC_WEAK = YES;
				CLANG_WARN_BLOCK_CAPTURE_AUTORELEASING = YES;
				CLANG_WARN_BOOL_CONVERSION = YES;
				CLANG_WARN_COMMA = YES;
				CLANG_WARN_CONSTANT_CONVERSION = YES;
				CLANG_WARN_DEPRECATED_OBJC_IMPLEMENTATIONS = YES;
				CLANG_WARN_DIRECT_OBJC_ISA_USAGE = YES_ERROR;
				CLANG_WARN_DOCUMENTATION_COMMENTS = YES;
				CLANG_WARN_EMPTY_BODY = YES;
				CLANG_WARN_ENUM_CONVERSION = YES;
				CLANG_WARN_INFINITE_RECURSION = YES;
				CLANG_WARN_INT_CONVERSION = YES;
				CLANG_WARN_NON_LITERAL_NULL_CONVERSION = YES;
				CLANG_WARN_OBJC_IMPLICIT_RETAIN_SELF = YES;
				CLANG_WARN_OBJC_LITERAL_CONVERSION = YES;
				CLANG_WARN_OBJC_ROOT_CLASS = YES_ERROR;
				CLANG_WARN_QUOTED_INCLUDE_IN_FRAMEWORK_HEADER = YES;
				CLANG_WARN_RANGE_LOOP_ANALYSIS = YES;
				CLANG_WARN_STRICT_PROTOTYPES = YES;
				CLANG_WARN_SUSPICIOUS_MOVE = YES;
				CLANG_WARN_UNGUARDED_AVAILABILITY = YES_AGGRESSIVE;
				CLANG_WARN_UNREACHABLE_CODE = YES;
				CLANG_WARN__DUPLICATE_METHOD_MATCH = YES;
				COPY_PHASE_STRIP = NO;
				DEBUG_INFORMATION_FORMAT = dwarf;
				ENABLE_STRICT_OBJC_MSGSEND = YES;
				ENABLE_TESTABILITY = YES;
				GCC_C_LANGUAGE_STANDARD = gnu11;
				GCC_DYNAMIC_NO_PIC = NO;
				GCC_NO_COMMON_BLOCKS = YES;
				GCC_OPTIMIZATION_LEVEL = 0;
				GCC_PREPROCESSOR_DEFINITIONS = (
					"DEBUG=1",
					"$(inherited)",
				);
				GCC_WARN_64_TO_32_BIT_CONVERSION = YES;
				GCC_WARN_ABOUT_RETURN_TYPE = YES_ERROR;
				GCC_WARN_UNDECLARED_SELECTOR = YES;
				GCC_WARN_UNINITIALIZED_AUTOS = YES_AGGRESSIVE;
				GCC_WARN_UNUSED_FUNCTION = YES;
				GCC_WARN_UNUSED_VARIABLE = YES;
				IPHONEOS_DEPLOYMENT_TARGET = 16.4;
				MTL_ENABLE_DEBUG_INFO = INCLUDE_SOURCE;
				MTL_FAST_MATH = YES;
				ONLY_ACTIVE_ARCH = YES;
				SDKROOT = iphoneos;
				SWIFT_ACTIVE_COMPILATION_CONDITIONS = DEBUG;
				SWIFT_OPTIMIZATION_LEVEL = "-Onone";
			};
			name = Debug;
		};
		EA0399FB2AC21026004CC6D7 /* Release */ = {
			isa = XCBuildConfiguration;
			buildSettings = {
				ALWAYS_SEARCH_USER_PATHS = NO;
				CLANG_ANALYZER_NONNULL = YES;
				CLANG_ANALYZER_NUMBER_OBJECT_CONVERSION = YES_AGGRESSIVE;
				CLANG_CXX_LANGUAGE_STANDARD = "gnu++20";
				CLANG_ENABLE_MODULES = YES;
				CLANG_ENABLE_OBJC_ARC = YES;
				CLANG_ENABLE_OBJC_WEAK = YES;
				CLANG_WARN_BLOCK_CAPTURE_AUTORELEASING = YES;
				CLANG_WARN_BOOL_CONVERSION = YES;
				CLANG_WARN_COMMA = YES;
				CLANG_WARN_CONSTANT_CONVERSION = YES;
				CLANG_WARN_DEPRECATED_OBJC_IMPLEMENTATIONS = YES;
				CLANG_WARN_DIRECT_OBJC_ISA_USAGE = YES_ERROR;
				CLANG_WARN_DOCUMENTATION_COMMENTS = YES;
				CLANG_WARN_EMPTY_BODY = YES;
				CLANG_WARN_ENUM_CONVERSION = YES;
				CLANG_WARN_INFINITE_RECURSION = YES;
				CLANG_WARN_INT_CONVERSION = YES;
				CLANG_WARN_NON_LITERAL_NULL_CONVERSION = YES;
				CLANG_WARN_OBJC_IMPLICIT_RETAIN_SELF = YES;
				CLANG_WARN_OBJC_LITERAL_CONVERSION = YES;
				CLANG_WARN_OBJC_ROOT_CLASS = YES_ERROR;
				CLANG_WARN_QUOTED_INCLUDE_IN_FRAMEWORK_HEADER = YES;
				CLANG_WARN_RANGE_LOOP_ANALYSIS = YES;
				CLANG_WARN_STRICT_PROTOTYPES = YES;
				CLANG_WARN_SUSPICIOUS_MOVE = YES;
				CLANG_WARN_UNGUARDED_AVAILABILITY = YES_AGGRESSIVE;
				CLANG_WARN_UNREACHABLE_CODE = YES;
				CLANG_WARN__DUPLICATE_METHOD_MATCH = YES;
				COPY_PHASE_STRIP = NO;
				DEBUG_INFORMATION_FORMAT = "dwarf-with-dsym";
				ENABLE_NS_ASSERTIONS = NO;
				ENABLE_STRICT_OBJC_MSGSEND = YES;
				GCC_C_LANGUAGE_STANDARD = gnu11;
				GCC_NO_COMMON_BLOCKS = YES;
				GCC_WARN_64_TO_32_BIT_CONVERSION = YES;
				GCC_WARN_ABOUT_RETURN_TYPE = YES_ERROR;
				GCC_WARN_UNDECLARED_SELECTOR = YES;
				GCC_WARN_UNINITIALIZED_AUTOS = YES_AGGRESSIVE;
				GCC_WARN_UNUSED_FUNCTION = YES;
				GCC_WARN_UNUSED_VARIABLE = YES;
				IPHONEOS_DEPLOYMENT_TARGET = 16.4;
				MTL_ENABLE_DEBUG_INFO = NO;
				MTL_FAST_MATH = YES;
				SDKROOT = iphoneos;
				SWIFT_COMPILATION_MODE = wholemodule;
				SWIFT_OPTIMIZATION_LEVEL = "-O";
				VALIDATE_PRODUCT = YES;
			};
			name = Release;
		};
		EA0399FD2AC21026004CC6D7 /* Debug */ = {
			isa = XCBuildConfiguration;
			buildSettings = {
				ASSETCATALOG_COMPILER_APPICON_NAME = AppIcon;
				ASSETCATALOG_COMPILER_GLOBAL_ACCENT_COLOR_NAME = AccentColor;
				CODE_SIGN_STYLE = Automatic;
				CURRENT_PROJECT_VERSION = 1;
				DEVELOPMENT_ASSET_PATHS = "\"ChickenKart/Preview Content\"";
				DEVELOPMENT_TEAM = R5UC247K67;
				ENABLE_PREVIEWS = YES;
				GENERATE_INFOPLIST_FILE = YES;
				INFOPLIST_FILE = ChickenKart/Info.plist;
				INFOPLIST_KEY_UIApplicationSceneManifest_Generation = YES;
				INFOPLIST_KEY_UIApplicationSupportsIndirectInputEvents = YES;
				INFOPLIST_KEY_UILaunchScreen_Generation = YES;
				INFOPLIST_KEY_UISupportedInterfaceOrientations = "UIInterfaceOrientationLandscapeLeft UIInterfaceOrientationLandscapeRight";
				INFOPLIST_KEY_UISupportedInterfaceOrientations_iPad = "UIInterfaceOrientationLandscapeLeft UIInterfaceOrientationLandscapeRight UIInterfaceOrientationPortrait UIInterfaceOrientationPortraitUpsideDown";
				LD_RUNPATH_SEARCH_PATHS = (
					"$(inherited)",
					"@executable_path/Frameworks",
				);
				MARKETING_VERSION = 1.0;
				PRODUCT_BUNDLE_IDENTIFIER = msventurini.ChickenKart;
				PRODUCT_NAME = "$(TARGET_NAME)";
				SWIFT_EMIT_LOC_STRINGS = YES;
				SWIFT_VERSION = 5.0;
				TARGETED_DEVICE_FAMILY = "1,2";
			};
			name = Debug;
		};
		EA0399FE2AC21026004CC6D7 /* Release */ = {
			isa = XCBuildConfiguration;
			buildSettings = {
				ASSETCATALOG_COMPILER_APPICON_NAME = AppIcon;
				ASSETCATALOG_COMPILER_GLOBAL_ACCENT_COLOR_NAME = AccentColor;
				CODE_SIGN_STYLE = Automatic;
				CURRENT_PROJECT_VERSION = 1;
				DEVELOPMENT_ASSET_PATHS = "\"ChickenKart/Preview Content\"";
				DEVELOPMENT_TEAM = R5UC247K67;
				ENABLE_PREVIEWS = YES;
				GENERATE_INFOPLIST_FILE = YES;
				INFOPLIST_FILE = ChickenKart/Info.plist;
				INFOPLIST_KEY_UIApplicationSceneManifest_Generation = YES;
				INFOPLIST_KEY_UIApplicationSupportsIndirectInputEvents = YES;
				INFOPLIST_KEY_UILaunchScreen_Generation = YES;
				INFOPLIST_KEY_UISupportedInterfaceOrientations = "UIInterfaceOrientationLandscapeLeft UIInterfaceOrientationLandscapeRight";
				INFOPLIST_KEY_UISupportedInterfaceOrientations_iPad = "UIInterfaceOrientationLandscapeLeft UIInterfaceOrientationLandscapeRight UIInterfaceOrientationPortrait UIInterfaceOrientationPortraitUpsideDown";
				LD_RUNPATH_SEARCH_PATHS = (
					"$(inherited)",
					"@executable_path/Frameworks",
				);
				MARKETING_VERSION = 1.0;
				PRODUCT_BUNDLE_IDENTIFIER = msventurini.ChickenKart;
				PRODUCT_NAME = "$(TARGET_NAME)";
				SWIFT_EMIT_LOC_STRINGS = YES;
				SWIFT_VERSION = 5.0;
				TARGETED_DEVICE_FAMILY = "1,2";
			};
			name = Release;
		};
/* End XCBuildConfiguration section */

/* Begin XCConfigurationList section */
		EA0399E92AC21025004CC6D7 /* Build configuration list for PBXProject "ChickenKart" */ = {
			isa = XCConfigurationList;
			buildConfigurations = (
				EA0399FA2AC21026004CC6D7 /* Debug */,
				EA0399FB2AC21026004CC6D7 /* Release */,
			);
			defaultConfigurationIsVisible = 0;
			defaultConfigurationName = Release;
		};
		EA0399FC2AC21026004CC6D7 /* Build configuration list for PBXNativeTarget "ChickenKart" */ = {
			isa = XCConfigurationList;
			buildConfigurations = (
				EA0399FD2AC21026004CC6D7 /* Debug */,
				EA0399FE2AC21026004CC6D7 /* Release */,
			);
			defaultConfigurationIsVisible = 0;
			defaultConfigurationName = Release;
		};
/* End XCConfigurationList section */
	};
	rootObject = EA0399E62AC21025004CC6D7 /* Project object */;
}
